
Microsoft Visual Studio Solution File, Format Version 12.00
# Visual Studio Version 17
VisualStudioVersion = 17.4.33213.308
MinimumVisualStudioVersion = 10.0.40219.1
Project("{9A19103F-16F7-4668-BE54-9A1E7A4F7556}") = "ProbeSampler.WPF", "ProbeSampler.WPF\ProbeSampler.WPF.csproj", "{1F943C5C-6349-47A3-B9FF-FBD48DA8849A}"
EndProject
Project("{9A19103F-16F7-4668-BE54-9A1E7A4F7556}") = "ProbeSampler.Presentation", "ProbeSampler.Presentation\ProbeSampler.Presentation.csproj", "{151CECBF-27DF-4A22-B4FD-D5737DA3A7A0}"
EndProject
Project("{9A19103F-16F7-4668-BE54-9A1E7A4F7556}") = "ProbeSampler.Core", "ProbeSampler.Core\ProbeSampler.Core.csproj", "{E67073C7-903C-40D1-BD11-6654CBDE16CB}"
EndProject
Project("{9A19103F-16F7-4668-BE54-9A1E7A4F7556}") = "ProbeSampler.Assets", "ProbeSampler.Assets\ProbeSampler.Assets.csproj", "{8530CB4B-C7D6-45C2-8BDD-0D48EE56207C}"
EndProject
Project("{9A19103F-16F7-4668-BE54-9A1E7A4F7556}") = "ProbeSampler.NeuroUtils", "ProbeSampler.NeuroUtils\ProbeSampler.NeuroUtils.csproj", "{B89DE0B8-262B-4185-AD29-068E89BC0B12}"
EndProject
Project("{9A19103F-16F7-4668-BE54-9A1E7A4F7556}") = "ProbeSampler.ConsoleTest", "ProbeSampler.ConsoleTest\ProbeSampler.ConsoleTest.csproj", "{1A02D22A-C93A-4939-8BD5-223058F817F9}"
EndProject
Project("{2150E333-8FDC-42A3-9474-1A3956D46DE8}") = "Solution Items", "Solution Items", "{6D8365D3-EB05-48EA-89FF-575ECE7C6092}"
	ProjectSection(SolutionItems) = preProject
		.editorconfig = .editorconfig
	EndProjectSection
EndProject
Global
	GlobalSection(SolutionConfigurationPlatforms) = preSolution
		Debug|Any CPU = Debug|Any CPU
		Release|Any CPU = Release|Any CPU
	EndGlobalSection
	GlobalSection(ProjectConfigurationPlatforms) = postSolution
		{1F943C5C-6349-47A3-B9FF-FBD48DA8849A}.Debug|Any CPU.ActiveCfg = Debug|Any CPU
		{1F943C5C-6349-47A3-B9FF-FBD48DA8849A}.Debug|Any CPU.Build.0 = Debug|Any CPU
		{1F943C5C-6349-47A3-B9FF-FBD48DA8849A}.Release|Any CPU.ActiveCfg = Release|Any CPU
		{1F943C5C-6349-47A3-B9FF-FBD48DA8849A}.Release|Any CPU.Build.0 = Release|Any CPU
		{151CECBF-27DF-4A22-B4FD-D5737DA3A7A0}.Debug|Any CPU.ActiveCfg = Debug|Any CPU
		{151CECBF-27DF-4A22-B4FD-D5737DA3A7A0}.Debug|Any CPU.Build.0 = Debug|Any CPU
		{151CECBF-27DF-4A22-B4FD-D5737DA3A7A0}.Release|Any CPU.ActiveCfg = Release|Any CPU
		{151CECBF-27DF-4A22-B4FD-D5737DA3A7A0}.Release|Any CPU.Build.0 = Release|Any CPU
		{E67073C7-903C-40D1-BD11-6654CBDE16CB}.Debug|Any CPU.ActiveCfg = Debug|Any CPU
		{E67073C7-903C-40D1-BD11-6654CBDE16CB}.Debug|Any CPU.Build.0 = Debug|Any CPU
		{E67073C7-903C-40D1-BD11-6654CBDE16CB}.Release|Any CPU.ActiveCfg = Release|Any CPU
		{E67073C7-903C-40D1-BD11-6654CBDE16CB}.Release|Any CPU.Build.0 = Release|Any CPU
		{8530CB4B-C7D6-45C2-8BDD-0D48EE56207C}.Debug|Any CPU.ActiveCfg = Debug|Any CPU
		{8530CB4B-C7D6-45C2-8BDD-0D48EE56207C}.Debug|Any CPU.Build.0 = Debug|Any CPU
		{8530CB4B-C7D6-45C2-8BDD-0D48EE56207C}.Release|Any CPU.ActiveCfg = Release|Any CPU
		{8530CB4B-C7D6-45C2-8BDD-0D48EE56207C}.Release|Any CPU.Build.0 = Release|Any CPU
		{B89DE0B8-262B-4185-AD29-068E89BC0B12}.Debug|Any CPU.ActiveCfg = Debug|Any CPU
		{B89DE0B8-262B-4185-AD29-068E89BC0B12}.Debug|Any CPU.Build.0 = Debug|Any CPU
		{B89DE0B8-262B-4185-AD29-068E89BC0B12}.Release|Any CPU.ActiveCfg = Release|Any CPU
		{B89DE0B8-262B-4185-AD29-068E89BC0B12}.Release|Any CPU.Build.0 = Release|Any CPU
		{1A02D22A-C93A-4939-8BD5-223058F817F9}.Debug|Any CPU.ActiveCfg = Debug|Any CPU
		{1A02D22A-C93A-4939-8BD5-223058F817F9}.Debug|Any CPU.Build.0 = Debug|Any CPU
		{1A02D22A-C93A-4939-8BD5-223058F817F9}.Release|Any CPU.ActiveCfg = Release|Any CPU
		{1A02D22A-C93A-4939-8BD5-223058F817F9}.Release|Any CPU.Build.0 = Release|Any CPU
	EndGlobalSection
	GlobalSection(SolutionProperties) = preSolution
		HideSolutionNode = FALSE
	EndGlobalSection
	GlobalSection(ExtensibilityGlobals) = postSolution
		SolutionGuid = {BAA231F1-2C29-4761-B01F-69BDB6651EB6}
	EndGlobalSection
EndGlobal
